# THIS IS AN AUTOGENERATED FILE. DO NOT EDIT THIS FILE DIRECTLY.
# yarn lockfile v1


"@types/cytoscape@^3.19.4":
  version "3.19.4"
  resolved "https://registry.yarnpkg.com/@types/cytoscape/-/cytoscape-3.19.4.tgz#f41214103b80ff3d7d8741bacc32265ed90e45b5"
  integrity sha512-0IozTg1vdZrA3nuAK5o9Pa8nl2INUnTaXwcGwoiALDcsD8/TiVnp0Zi+R1IiPRG6edoy0Ya61/3osFLtfkhhmw==
